{
  "originHash" : "362f88b8b0a1422bfc12fa1bf99d15f1c950d50f7b216d2ceee664a1b07760a7",
  "pins" : [
    {
      "identity" : "mokay",
      "kind" : "remoteSourceControl",
      "location" : "https://github.com/MokayApps/Mokay.git",
      "state" : {
        "branch" : "main",
        "revision" : "9f10b6c4d5846358f370d83488eed40dd6ff5122"
      }
    }
  ],
  "version" : 3
}
